// !$*UTF8*$!
{
	archiveVersion = 1;
	classes = {
	};
	objectVersion = 50;
	objects = {

/* Begin PBXBuildFile section */
		6ABCD7D420A3EFA100D0FC8F /* AppDelegate.swift in Sources */ = {isa = PBXBuildFile; fileRef = 6ABCD7D320A3EFA100D0FC8F /* AppDelegate.swift */; };
		6ABCD7D620A3EFA100D0FC8F /* ViewController.swift in Sources */ = {isa = PBXBuildFile; fileRef = 6ABCD7D520A3EFA100D0FC8F /* ViewController.swift */; };
		6ABCD7D920A3EFA100D0FC8F /* Main.storyboard in Resources */ = {isa = PBXBuildFile; fileRef = 6ABCD7D720A3EFA100D0FC8F /* Main.storyboard */; };
		6ABCD7DB20A3EFA200D0FC8F /* Assets.xcassets in Resources */ = {isa = PBXBuildFile; fileRef = 6ABCD7DA20A3EFA200D0FC8F /* Assets.xcassets */; };
		6ABCD7DE20A3EFA200D0FC8F /* LaunchScreen.storyboard in Resources */ = {isa = PBXBuildFile; fileRef = 6ABCD7DC20A3EFA200D0FC8F /* LaunchScreen.storyboard */; };
		6ABCD7E820A4025400D0FC8F /* PreviewViewController.swift in Sources */ = {isa = PBXBuildFile; fileRef = 6ABCD7E720A4025400D0FC8F /* PreviewViewController.swift */; };
/* End PBXBuildFile section */

/* Begin PBXFileReference section */
		6ABCD7D020A3EFA100D0FC8F /* Demo3DTouch.app */ = {isa = PBXFileReference; explicitFileType = wrapper.application; includeInIndex = 0; path = Demo3DTouch.app; sourceTree = BUILT_PRODUCTS_DIR; };
		6ABCD7D320A3EFA100D0FC8F /* AppDelegate.swift */ = {isa = PBXFileReference; lastKnownFileType = sourcecode.swift; path = AppDelegate.swift; sourceTree = "<group>"; };
		6ABCD7D520A3EFA100D0FC8F /* ViewController.swift */ = {isa = PBXFileReference; lastKnownFileType = sourcecode.swift; path = ViewController.swift; sourceTree = "<group>"; };
		6ABCD7D820A3EFA100D0FC8F /* Base */ = {isa = PBXFileReference; lastKnownFileType = file.storyboard; name = Base; path = Base.lproj/Main.storyboard; sourceTree = "<group>"; };
		6ABCD7DA20A3EFA200D0FC8F /* Assets.xcassets */ = {isa = PBXFileReference; lastKnownFileType = folder.assetcatalog; path = Assets.xcassets; sourceTree = "<group>"; };
		6ABCD7DD20A3EFA200D0FC8F /* Base */ = {isa = PBXFileReference; lastKnownFileType = file.storyboard; name = Base; path = Base.lproj/LaunchScreen.storyboard; sourceTree = "<group>"; };
		6ABCD7DF20A3EFA200D0FC8F /* Info.plist */ = {isa = PBXFileReference; lastKnownFileType = text.plist.xml; path = Info.plist; sourceTree = "<group>"; };
		6ABCD7E720A4025400D0FC8F /* PreviewViewController.swift */ = {isa = PBXFileReference; lastKnownFileType = sourcecode.swift; path = PreviewViewController.swift; sourceTree = "<group>"; };
/* End PBXFileReference section */

/* Begin PBXFrameworksBuildPhase section */
		6ABCD7CD20A3EFA100D0FC8F /* Frameworks */ = {
			isa = PBXFrameworksBuildPhase;
			buildActionMask = 2147483647;
			files = (
			);
			runOnlyForDeploymentPostprocessing = 0;
		};
/* End PBXFrameworksBuildPhase section */

/* Begin PBXGroup section */
		6ABCD7C720A3EFA100D0FC8F = {
			isa = PBXGroup;
			children = (
				6ABCD7D220A3EFA100D0FC8F /* Demo3DTouch */,
				6ABCD7D120A3EFA100D0FC8F /* Products */,
			);
			sourceTree = "<group>";
		};
		6ABCD7D120A3EFA100D0FC8F /* Products */ = {
			isa = PBXGroup;
			children = (
				6ABCD7D020A3EFA100D0FC8F /* Demo3DTouch.app */,
			);
			name = Products;
			sourceTree = "<group>";
		};
		6ABCD7D220A3EFA100D0FC8F /* Demo3DTouch */ = {
			isa = PBXGroup;
			children = (
				6ABCD7D320A3EFA100D0FC8F /* AppDelegate.swift */,
				6ABCD7D520A3EFA100D0FC8F /* ViewController.swift */,
				6ABCD7E720A4025400D0FC8F /* PreviewViewController.swift */,
				6ABCD7D720A3EFA100D0FC8F /* Main.storyboard */,
				6ABCD7DA20A3EFA200D0FC8F /* Assets.xcassets */,
				6ABCD7DC20A3EFA200D0FC8F /* LaunchScreen.storyboard */,
				6ABCD7DF20A3EFA200D0FC8F /* Info.plist */,
			);
			path = Demo3DTouch;
			sourceTree = "<group>";
		};
/* End PBXGroup section */

/* Begin PBXNativeTarget section */
		6ABCD7CF20A3EFA100D0FC8F /* Demo3DTouch */ = {
			isa = PBXNativeTarget;
			buildConfigurationList = 6ABCD7E220A3EFA200D0FC8F /* Build configuration list for PBXNativeTarget "Demo3DTouch" */;
			buildPhases = (
				6ABCD7CC20A3EFA100D0FC8F /* Sources */,
				6ABCD7CD20A3EFA100D0FC8F /* Frameworks */,
				6ABCD7CE20A3EFA100D0FC8F /* Resources */,
			);
			buildRules = (
			);
			dependencies = (
			);
			name = Demo3DTouch;
			productName = Demo3DTouch;
			productReference = 6ABCD7D020A3EFA100D0FC8F /* Demo3DTouch.app */;
			productType = "com.apple.product-type.application";
		};
/* End PBXNativeTarget section */

/* Begin PBXProject section */
		6ABCD7C820A3EFA100D0FC8F /* Project object */ = {
			isa = PBXProject;
			attributes = {
				LastSwiftUpdateCheck = 0930;
				LastUpgradeCheck = 0930;
				ORGANIZATIONNAME = "Isaías";
				TargetAttributes = {
					6ABCD7CF20A3EFA100D0FC8F = {
						CreatedOnToolsVersion = 9.3;
					};
				};
			};
			buildConfigurationList = 6ABCD7CB20A3EFA100D0FC8F /* Build configuration list for PBXProject "Demo3DTouch" */;
			compatibilityVersion = "Xcode 9.3";
			developmentRegion = en;
			hasScannedForEncodings = 0;
			knownRegions = (
				en,
				Base,
			);
			mainGroup = 6ABCD7C720A3EFA100D0FC8F;
			productRefGroup = 6ABCD7D120A3EFA100D0FC8F /* Products */;
			projectDirPath = "";
			projectRoot = "";
			targets = (
				6ABCD7CF20A3EFA100D0FC8F /* Demo3DTouch */,
			);
		};
/* End PBXProject section */

/* Begin PBXResourcesBuildPhase section */
		6ABCD7CE20A3EFA100D0FC8F /* Resources */ = {
			isa = PBXResourcesBuildPhase;
			buildActionMask = 2147483647;
			files = (
				6ABCD7DE20A3EFA200D0FC8F /* LaunchScreen.storyboard in Resources */,
				6ABCD7DB20A3EFA200D0FC8F /* Assets.xcassets in Resources */,
				6ABCD7D920A3EFA100D0FC8F /* Main.storyboard in Resources */,
			);
			runOnlyForDeploymentPostprocessing = 0;
		};
/* End PBXResourcesBuildPhase section */

/* Begin PBXSourcesBuildPhase section */
		6ABCD7CC20A3EFA100D0FC8F /* Sources */ = {
			isa = PBXSourcesBuildPhase;
			buildActionMask = 2147483647;
			files = (
				6ABCD7D620A3EFA100D0FC8F /* ViewController.swift in Sources */,
				6ABCD7D420A3EFA100D0FC8F /* AppDelegate.swift in Sources */,
				6ABCD7E820A4025400D0FC8F /* PreviewViewController.swift in Sources */,
			);
			runOnlyForDeploymentPostprocessing = 0;
		};
/* End PBXSourcesBuildPhase section */

/* Begin PBXVariantGroup section */
		6ABCD7D720A3EFA100D0FC8F /* Main.storyboard */ = {
			isa = PBXVariantGroup;
			children = (
				6ABCD7D820A3EFA100D0FC8F /* Base */,
			);
			name = Main.storyboard;
			sourceTree = "<group>";
		};
		6ABCD7DC20A3EFA200D0FC8F /* LaunchScreen.storyboard */ = {
			isa = PBXVariantGroup;
			children = (
				6ABCD7DD20A3EFA200D0FC8F /* Base */,
			);
			name = LaunchScreen.storyboard;
			sourceTree = "<group>";
		};
/* End PBXVariantGroup section */

/* Begin XCBuildConfiguration section */
		6ABCD7E020A3EFA200D0FC8F /* Debug */ = {
			isa = XCBuildConfiguration;
			buildSettings = {
				ALWAYS_SEARCH_USER_PATHS = NO;
				CLANG_ANALYZER_NONNULL = YES;
				CLANG_ANALYZER_NUMBER_OBJECT_CONVERSION = YES_AGGRESSIVE;
				CLANG_CXX_LANGUAGE_STANDARD = "gnu++14";
				CLANG_CXX_LIBRARY = "libc++";
				CLANG_ENABLE_MODULES = YES;
				CLANG_ENABLE_OBJC_ARC = YES;
				CLANG_ENABLE_OBJC_WEAK = YES;
				CLANG_WARN_BLOCK_CAPTURE_AUTORELEASING = YES;
				CLANG_WARN_BOOL_CONVERSION = YES;
				CLANG_WARN_COMMA = YES;
				CLANG_WARN_CONSTANT_CONVERSION = YES;
				CLANG_WARN_DEPRECATED_OBJC_IMPLEMENTATIONS = YES;
				CLANG_WARN_DIRECT_OBJC_ISA_USAGE = YES_ERROR;
				CLANG_WARN_DOCUMENTATION_COMMENTS = YES;
				CLANG_WARN_EMPTY_BODY = YES;
				CLANG_WARN_ENUM_CONVERSION = YES;
				CLANG_WARN_INFINITE_RECURSION = YES;
				CLANG_WARN_INT_CONVERSION = YES;
				CLANG_WARN_NON_LITERAL_NULL_CONVERSION = YES;
				CLANG_WARN_OBJC_IMPLICIT_RETAIN_SELF = YES;
				CLANG_WARN_OBJC_LITERAL_CONVERSION = YES;
				CLANG_WARN_OBJC_ROOT_CLASS = YES_ERROR;
				CLANG_WARN_RANGE_LOOP_ANALYSIS = YES;
				CLANG_WARN_STRICT_PROTOTYPES = YES;
				CLANG_WARN_SUSPICIOUS_MOVE = YES;
				CLANG_WARN_UNGUARDED_AVAILABILITY = YES_AGGRESSIVE;
				CLANG_WARN_UNREACHABLE_CODE = YES;
				CLANG_WARN__DUPLICATE_METHOD_MATCH = YES;
				CODE_SIGN_IDENTITY = "iPhone Developer";
				COPY_PHASE_STRIP = NO;
				DEBUG_INFORMATION_FORMAT = dwarf;
				ENABLE_STRICT_OBJC_MSGSEND = YES;
				ENABLE_TESTABILITY = YES;
				GCC_C_LANGUAGE_STANDARD = gnu11;
				GCC_DYNAMIC_NO_PIC = NO;
				GCC_NO_COMMON_BLOCKS = YES;
				GCC_OPTIMIZATION_LEVEL = 0;
				GCC_PREPROCESSOR_DEFINITIONS = (
					"DEBUG=1",
					"$(inherited)",
				);
				GCC_WARN_64_TO_32_BIT_CONVERSION = YES;
				GCC_WARN_ABOUT_RETURN_TYPE = YES_ERROR;
				GCC_WARN_UNDECLARED_SELECTOR = YES;
				GCC_WARN_UNINITIALIZED_AUTOS = YES_AGGRESSIVE;
				GCC_WARN_UNUSED_FUNCTION = YES;
				GCC_WARN_UNUSED_VARIABLE = YES;
				IPHONEOS_DEPLOYMENT_TARGET = 8.0;
				MTL_ENABLE_DEBUG_INFO = YES;
				ONLY_ACTIVE_ARCH = YES;
				SDKROOT = iphoneos;
				SWIFT_ACTIVE_COMPILATION_CONDITIONS = DEBUG;
				SWIFT_OPTIMIZATION_LEVEL = "-Onone";
			};
			name = Debug;
		};
		6ABCD7E120A3EFA200D0FC8F /* Release */ = {
			isa = XCBuildConfiguration;
			buildSettings = {
				ALWAYS_SEARCH_USER_PATHS = NO;
				CLANG_ANALYZER_NONNULL = YES;
				CLANG_ANALYZER_NUMBER_OBJECT_CONVERSION = YES_AGGRESSIVE;
				CLANG_CXX_LANGUAGE_STANDARD = "gnu++14";
				CLANG_CXX_LIBRARY = "libc++";
				CLANG_ENABLE_MODULES = YES;
				CLANG_ENABLE_OBJC_ARC = YES;
				CLANG_ENABLE_OBJC_WEAK = YES;
				CLANG_WARN_BLOCK_CAPTURE_AUTORELEASING = YES;
				CLANG_WARN_BOOL_CONVERSION = YES;
				CLANG_WARN_COMMA = YES;
				CLANG_WARN_CONSTANT_CONVERSION = YES;
				CLANG_WARN_DEPRECATED_OBJC_IMPLEMENTATIONS = YES;
				CLANG_WARN_DIRECT_OBJC_ISA_USAGE = YES_ERROR;
				CLANG_WARN_DOCUMENTATION_COMMENTS = YES;
				CLANG_WARN_EMPTY_BODY = YES;
				CLANG_WARN_ENUM_CONVERSION = YES;
				CLANG_WARN_INFINITE_RECURSION = YES;
				CLANG_WARN_INT_CONVERSION = YES;
				CLANG_WARN_NON_LITERAL_NULL_CONVERSION = YES;
				CLANG_WARN_OBJC_IMPLICIT_RETAIN_SELF = YES;
				CLANG_WARN_OBJC_LITERAL_CONVERSION = YES;
				CLANG_WARN_OBJC_ROOT_CLASS = YES_ERROR;
				CLANG_WARN_RANGE_LOOP_ANALYSIS = YES;
				CLANG_WARN_STRICT_PROTOTYPES = YES;
				CLANG_WARN_SUSPICIOUS_MOVE = YES;
				CLANG_WARN_UNGUARDED_AVAILABILITY = YES_AGGRESSIVE;
				CLANG_WARN_UNREACHABLE_CODE = YES;
				CLANG_WARN__DUPLICATE_METHOD_MATCH = YES;
				CODE_SIGN_IDENTITY = "iPhone Developer";
				COPY_PHASE_STRIP = NO;
				DEBUG_INFORMATION_FORMAT = "dwarf-with-dsym";
				ENABLE_NS_ASSERTIONS = NO;
				ENABLE_STRICT_OBJC_MSGSEND = YES;
				GCC_C_LANGUAGE_STANDARD = gnu11;
				GCC_NO_COMMON_BLOCKS = YES;
				GCC_WARN_64_TO_32_BIT_CONVERSION = YES;
				GCC_WARN_ABOUT_RETURN_TYPE = YES_ERROR;
				GCC_WARN_UNDECLARED_SELECTOR = YES;
				GCC_WARN_UNINITIALIZED_AUTOS = YES_AGGRESSIVE;
				GCC_WARN_UNUSED_FUNCTION = YES;
				GCC_WARN_UNUSED_VARIABLE = YES;
				IPHONEOS_DEPLOYMENT_TARGET = 8.0;
				MTL_ENABLE_DEBUG_INFO = NO;
				SDKROOT = iphoneos;
				SWIFT_COMPILATION_MODE = wholemodule;
				SWIFT_OPTIMIZATION_LEVEL = "-O";
				VALIDATE_PRODUCT = YES;
			};
			name = Release;
		};
		6ABCD7E320A3EFA200D0FC8F /* Debug */ = {
			isa = XCBuildConfiguration;
			buildSettings = {
				ASSETCATALOG_COMPILER_APPICON_NAME = AppIcon;
				CODE_SIGN_STYLE = Automatic;
				DEVELOPMENT_TEAM = M5H4A2L5D7;
				INFOPLIST_FILE = Demo3DTouch/Info.plist;
				LD_RUNPATH_SEARCH_PATHS = (
					"$(inherited)",
					"@executable_path/Frameworks",
				);
				PRODUCT_BUNDLE_IDENTIFIER = cl.isaiasmac.Demo3DTouch;
				PRODUCT_NAME = "$(TARGET_NAME)";
				SWIFT_VERSION = 4.0;
				TARGETED_DEVICE_FAMILY = "1,2";
			};
			name = Debug;
		};
		6ABCD7E420A3EFA200D0FC8F /* Release */ = {
			isa = XCBuildConfiguration;
			buildSettings = {
				ASSETCATALOG_COMPILER_APPICON_NAME = AppIcon;
				CODE_SIGN_STYLE = Automatic;
				DEVELOPMENT_TEAM = M5H4A2L5D7;
				INFOPLIST_FILE = Demo3DTouch/Info.plist;
				LD_RUNPATH_SEARCH_PATHS = (
					"$(inherited)",
					"@executable_path/Frameworks",
				);
				PRODUCT_BUNDLE_IDENTIFIER = cl.isaiasmac.Demo3DTouch;
				PRODUCT_NAME = "$(TARGET_NAME)";
				SWIFT_VERSION = 4.0;
				TARGETED_DEVICE_FAMILY = "1,2";
			};
			name = Release;
		};
/* End XCBuildConfiguration section */

/* Begin XCConfigurationList section */
		6ABCD7CB20A3EFA100D0FC8F /* Build configuration list for PBXProject "Demo3DTouch" */ = {
			isa = XCConfigurationList;
			buildConfigurations = (
				6ABCD7E020A3EFA200D0FC8F /* Debug */,
				6ABCD7E120A3EFA200D0FC8F /* Release */,
			);
			defaultConfigurationIsVisible = 0;
			defaultConfigurationName = Release;
		};
		6ABCD7E220A3EFA200D0FC8F /* Build configuration list for PBXNativeTarget "Demo3DTouch" */ = {
			isa = XCConfigurationList;
			buildConfigurations = (
				6ABCD7E320A3EFA200D0FC8F /* Debug */,
				6ABCD7E420A3EFA200D0FC8F /* Release */,
			);
			defaultConfigurationIsVisible = 0;
			defaultConfigurationName = Release;
		};
/* End XCConfigurationList section */
	};
	rootObject = 6ABCD7C820A3EFA100D0FC8F /* Project object */;
}
